# generated by rye
# use `rye lock` or `rye sync` to update this lockfile
#
# last locked with the following flags:
#   pre: false
#   features: []
#   all-features: false
#   with-sources: false

-e file:.
build==1.2.2
cmake==3.30.3
packaging==24.1
    # via build
    # via scikit-build-core
pathspec==0.12.1
    # via scikit-build-core
pybind11==2.13.6
    # via torch-niggli
pyproject-hooks==1.1.0
    # via build
scikit-build-core==0.10.6
